// !$*UTF8*$!
{
	archiveVersion = 1;
	classes = {
	};
	objectVersion = 60;
	objects = {

/* Begin PBXBuildFile section */
		3B6E683A2BE26F4B000CCBBA /* AppDelegate.swift in Sources */ = {isa = PBXBuildFile; fileRef = 3B6E68392BE26F4B000CCBBA /* AppDelegate.swift */; };
		3B6E683C2BE26F4B000CCBBA /* SceneDelegate.swift in Sources */ = {isa = PBXBuildFile; fileRef = 3B6E683B2BE26F4B000CCBBA /* SceneDelegate.swift */; };
		3B6E683E2BE26F4B000CCBBA /* MainPage.swift in Sources */ = {isa = PBXBuildFile; fileRef = 3B6E683D2BE26F4B000CCBBA /* MainPage.swift */; };
		3B6E68432BE26F4C000CCBBA /* Assets.xcassets in Resources */ = {isa = PBXBuildFile; fileRef = 3B6E68422BE26F4C000CCBBA /* Assets.xcassets */; };
		3B6E68462BE26F4C000CCBBA /* Base in Resources */ = {isa = PBXBuildFile; fileRef = 3B6E68452BE26F4C000CCBBA /* Base */; };
		3B6E684E2BE294F8000CCBBA /* PageCell.swift in Sources */ = {isa = PBXBuildFile; fileRef = 3B6E684D2BE294F8000CCBBA /* PageCell.swift */; };
		3B6E68522BE29798000CCBBA /* extensions of collection .swift in Sources */ = {isa = PBXBuildFile; fileRef = 3B6E68512BE29798000CCBBA /* extensions of collection .swift */; };
		3B6E68552BE2B8C3000CCBBA /* CatsModule.swift in Sources */ = {isa = PBXBuildFile; fileRef = 3B6E68542BE2B8C3000CCBBA /* CatsModule.swift */; };
		3B6E68572BE2BBF2000CCBBA /* MainViewModel.swift in Sources */ = {isa = PBXBuildFile; fileRef = 3B6E68562BE2BBF2000CCBBA /* MainViewModel.swift */; };
		3B6E685D2BE3C8FA000CCBBA /* FetchCats in Frameworks */ = {isa = PBXBuildFile; productRef = 3B6E685C2BE3C8FA000CCBBA /* FetchCats */; };
		3B6E68612BE3F3D0000CCBBA /* CollectionHeader.swift in Sources */ = {isa = PBXBuildFile; fileRef = 3B6E68602BE3F3D0000CCBBA /* CollectionHeader.swift */; };
		3B958A0B2BE4585D004B35DD /* tableExtension.swift in Sources */ = {isa = PBXBuildFile; fileRef = 3B958A0A2BE4585D004B35DD /* tableExtension.swift */; };
		3B958A0D2BE458CD004B35DD /* TableCell.swift in Sources */ = {isa = PBXBuildFile; fileRef = 3B958A0C2BE458CD004B35DD /* TableCell.swift */; };
		3B958A102BE45E4E004B35DD /* Breeds.swift in Sources */ = {isa = PBXBuildFile; fileRef = 3B958A0F2BE45E4E004B35DD /* Breeds.swift */; };
		3BD588202BE4703500A869E9 /* CatBreeds in Frameworks */ = {isa = PBXBuildFile; productRef = 3BD5881F2BE4703500A869E9 /* CatBreeds */; };
/* End PBXBuildFile section */

/* Begin PBXFileReference section */
		3B6E68362BE26F4B000CCBBA /* CatsHomeworkmvvm.app */ = {isa = PBXFileReference; explicitFileType = wrapper.application; includeInIndex = 0; path = CatsHomeworkmvvm.app; sourceTree = BUILT_PRODUCTS_DIR; };
		3B6E68392BE26F4B000CCBBA /* AppDelegate.swift */ = {isa = PBXFileReference; lastKnownFileType = sourcecode.swift; path = AppDelegate.swift; sourceTree = "<group>"; };
		3B6E683B2BE26F4B000CCBBA /* SceneDelegate.swift */ = {isa = PBXFileReference; lastKnownFileType = sourcecode.swift; path = SceneDelegate.swift; sourceTree = "<group>"; };
		3B6E683D2BE26F4B000CCBBA /* MainPage.swift */ = {isa = PBXFileReference; lastKnownFileType = sourcecode.swift; path = MainPage.swift; sourceTree = "<group>"; };
		3B6E68422BE26F4C000CCBBA /* Assets.xcassets */ = {isa = PBXFileReference; lastKnownFileType = folder.assetcatalog; path = Assets.xcassets; sourceTree = "<group>"; };
		3B6E68452BE26F4C000CCBBA /* Base */ = {isa = PBXFileReference; lastKnownFileType = file.storyboard; name = Base; path = Base.lproj/LaunchScreen.storyboard; sourceTree = "<group>"; };
		3B6E68472BE26F4C000CCBBA /* Info.plist */ = {isa = PBXFileReference; lastKnownFileType = text.plist.xml; path = Info.plist; sourceTree = "<group>"; };
		3B6E684D2BE294F8000CCBBA /* PageCell.swift */ = {isa = PBXFileReference; lastKnownFileType = sourcecode.swift; path = PageCell.swift; sourceTree = "<group>"; };
		3B6E68512BE29798000CCBBA /* extensions of collection .swift */ = {isa = PBXFileReference; lastKnownFileType = sourcecode.swift; path = "extensions of collection .swift"; sourceTree = "<group>"; };
		3B6E68542BE2B8C3000CCBBA /* CatsModule.swift */ = {isa = PBXFileReference; lastKnownFileType = sourcecode.swift; path = CatsModule.swift; sourceTree = "<group>"; };
		3B6E68562BE2BBF2000CCBBA /* MainViewModel.swift */ = {isa = PBXFileReference; lastKnownFileType = sourcecode.swift; path = MainViewModel.swift; sourceTree = "<group>"; };
		3B6E68602BE3F3D0000CCBBA /* CollectionHeader.swift */ = {isa = PBXFileReference; lastKnownFileType = sourcecode.swift; path = CollectionHeader.swift; sourceTree = "<group>"; };
		3B958A0A2BE4585D004B35DD /* tableExtension.swift */ = {isa = PBXFileReference; lastKnownFileType = sourcecode.swift; path = tableExtension.swift; sourceTree = "<group>"; };
		3B958A0C2BE458CD004B35DD /* TableCell.swift */ = {isa = PBXFileReference; lastKnownFileType = sourcecode.swift; path = TableCell.swift; sourceTree = "<group>"; };
		3B958A0F2BE45E4E004B35DD /* Breeds.swift */ = {isa = PBXFileReference; lastKnownFileType = sourcecode.swift; path = Breeds.swift; sourceTree = "<group>"; };
/* End PBXFileReference section */

/* Begin PBXFrameworksBuildPhase section */
		3B6E68332BE26F4B000CCBBA /* Frameworks */ = {
			isa = PBXFrameworksBuildPhase;
			buildActionMask = 2147483647;
			files = (
				3BD588202BE4703500A869E9 /* CatBreeds in Frameworks */,
				3B6E685D2BE3C8FA000CCBBA /* FetchCats in Frameworks */,
			);
			runOnlyForDeploymentPostprocessing = 0;
		};
/* End PBXFrameworksBuildPhase section */

/* Begin PBXGroup section */
		3B42F5E32BE43B770035B5CE /* collection Header */ = {
			isa = PBXGroup;
			children = (
				3B6E68602BE3F3D0000CCBBA /* CollectionHeader.swift */,
			);
			path = "collection Header";
			sourceTree = "<group>";
		};
		3B6E682D2BE26F4B000CCBBA = {
			isa = PBXGroup;
			children = (
				3B6E68382BE26F4B000CCBBA /* CatsHomeworkmvvm */,
				3B6E68372BE26F4B000CCBBA /* Products */,
			);
			sourceTree = "<group>";
		};
		3B6E68372BE26F4B000CCBBA /* Products */ = {
			isa = PBXGroup;
			children = (
				3B6E68362BE26F4B000CCBBA /* CatsHomeworkmvvm.app */,
			);
			name = Products;
			sourceTree = "<group>";
		};
		3B6E68382BE26F4B000CCBBA /* CatsHomeworkmvvm */ = {
			isa = PBXGroup;
			children = (
				3B6E68392BE26F4B000CCBBA /* AppDelegate.swift */,
				3B6E683B2BE26F4B000CCBBA /* SceneDelegate.swift */,
				3B6E68472BE26F4C000CCBBA /* Info.plist */,
				3B6E684F2BE29743000CCBBA /* MainPage */,
				3B6E685F2BE3EE4E000CCBBA /* support */,
			);
			path = CatsHomeworkmvvm;
			sourceTree = "<group>";
		};
		3B6E684F2BE29743000CCBBA /* MainPage */ = {
			isa = PBXGroup;
			children = (
				3B6E683D2BE26F4B000CCBBA /* MainPage.swift */,
				3B6E68562BE2BBF2000CCBBA /* MainViewModel.swift */,
				3B42F5E32BE43B770035B5CE /* collection Header */,
				3B958A0E2BE458D2004B35DD /* table + cell */,
				3B958A092BE457F8004B35DD /* collection cell + page */,
				3B6E685E2BE3EE3D000CCBBA /* module */,
			);
			path = MainPage;
			sourceTree = "<group>";
		};
		3B6E68502BE29758000CCBBA /* extensions */ = {
			isa = PBXGroup;
			children = (
				3B6E68512BE29798000CCBBA /* extensions of collection .swift */,
			);
			path = extensions;
			sourceTree = "<group>";
		};
		3B6E68532BE2B892000CCBBA /* cells  */ = {
			isa = PBXGroup;
			children = (
				3B6E684D2BE294F8000CCBBA /* PageCell.swift */,
			);
			path = "cells ";
			sourceTree = "<group>";
		};
		3B6E685E2BE3EE3D000CCBBA /* module */ = {
			isa = PBXGroup;
			children = (
				3B6E68542BE2B8C3000CCBBA /* CatsModule.swift */,
				3B958A0F2BE45E4E004B35DD /* Breeds.swift */,
			);
			path = module;
			sourceTree = "<group>";
		};
		3B6E685F2BE3EE4E000CCBBA /* support */ = {
			isa = PBXGroup;
			children = (
				3B6E68422BE26F4C000CCBBA /* Assets.xcassets */,
				3B6E68442BE26F4C000CCBBA /* LaunchScreen.storyboard */,
			);
			path = support;
			sourceTree = "<group>";
		};
		3B958A092BE457F8004B35DD /* collection cell + page */ = {
			isa = PBXGroup;
			children = (
				3B6E68532BE2B892000CCBBA /* cells  */,
				3B6E68502BE29758000CCBBA /* extensions */,
			);
			path = "collection cell + page";
			sourceTree = "<group>";
		};
		3B958A0E2BE458D2004B35DD /* table + cell */ = {
			isa = PBXGroup;
			children = (
				3B958A0C2BE458CD004B35DD /* TableCell.swift */,
				3B958A0A2BE4585D004B35DD /* tableExtension.swift */,
			);
			path = "table + cell";
			sourceTree = "<group>";
		};
/* End PBXGroup section */

/* Begin PBXNativeTarget section */
		3B6E68352BE26F4B000CCBBA /* CatsHomeworkmvvm */ = {
			isa = PBXNativeTarget;
			buildConfigurationList = 3B6E684A2BE26F4D000CCBBA /* Build configuration list for PBXNativeTarget "CatsHomeworkmvvm" */;
			buildPhases = (
				3B6E68322BE26F4B000CCBBA /* Sources */,
				3B6E68332BE26F4B000CCBBA /* Frameworks */,
				3B6E68342BE26F4B000CCBBA /* Resources */,
			);
			buildRules = (
			);
			dependencies = (
			);
			name = CatsHomeworkmvvm;
			packageProductDependencies = (
				3B6E685C2BE3C8FA000CCBBA /* FetchCats */,
				3BD5881F2BE4703500A869E9 /* CatBreeds */,
			);
			productName = CatsHomeworkmvvm;
			productReference = 3B6E68362BE26F4B000CCBBA /* CatsHomeworkmvvm.app */;
			productType = "com.apple.product-type.application";
		};
/* End PBXNativeTarget section */

/* Begin PBXProject section */
		3B6E682E2BE26F4B000CCBBA /* Project object */ = {
			isa = PBXProject;
			attributes = {
				BuildIndependentTargetsInParallel = 1;
				LastSwiftUpdateCheck = 1530;
				LastUpgradeCheck = 1530;
				TargetAttributes = {
					3B6E68352BE26F4B000CCBBA = {
						CreatedOnToolsVersion = 15.3;
					};
				};
			};
			buildConfigurationList = 3B6E68312BE26F4B000CCBBA /* Build configuration list for PBXProject "CatsHomeworkmvvm" */;
			compatibilityVersion = "Xcode 14.0";
			developmentRegion = en;
			hasScannedForEncodings = 0;
			knownRegions = (
				en,
				Base,
			);
			mainGroup = 3B6E682D2BE26F4B000CCBBA;
			packageReferences = (
				3B6E685B2BE3C8FA000CCBBA /* XCLocalSwiftPackageReference "../FetchCats" */,
				3BD5881E2BE4703500A869E9 /* XCLocalSwiftPackageReference "../packeges/CatBreeds" */,
			);
			productRefGroup = 3B6E68372BE26F4B000CCBBA /* Products */;
			projectDirPath = "";
			projectRoot = "";
			targets = (
				3B6E68352BE26F4B000CCBBA /* CatsHomeworkmvvm */,
			);
		};
/* End PBXProject section */

/* Begin PBXResourcesBuildPhase section */
		3B6E68342BE26F4B000CCBBA /* Resources */ = {
			isa = PBXResourcesBuildPhase;
			buildActionMask = 2147483647;
			files = (
				3B6E68432BE26F4C000CCBBA /* Assets.xcassets in Resources */,
				3B6E68462BE26F4C000CCBBA /* Base in Resources */,
			);
			runOnlyForDeploymentPostprocessing = 0;
		};
/* End PBXResourcesBuildPhase section */

/* Begin PBXSourcesBuildPhase section */
		3B6E68322BE26F4B000CCBBA /* Sources */ = {
			isa = PBXSourcesBuildPhase;
			buildActionMask = 2147483647;
			files = (
				3B958A0D2BE458CD004B35DD /* TableCell.swift in Sources */,
				3B6E68572BE2BBF2000CCBBA /* MainViewModel.swift in Sources */,
				3B958A0B2BE4585D004B35DD /* tableExtension.swift in Sources */,
				3B6E684E2BE294F8000CCBBA /* PageCell.swift in Sources */,
				3B6E683E2BE26F4B000CCBBA /* MainPage.swift in Sources */,
				3B958A102BE45E4E004B35DD /* Breeds.swift in Sources */,
				3B6E683A2BE26F4B000CCBBA /* AppDelegate.swift in Sources */,
				3B6E683C2BE26F4B000CCBBA /* SceneDelegate.swift in Sources */,
				3B6E68552BE2B8C3000CCBBA /* CatsModule.swift in Sources */,
				3B6E68612BE3F3D0000CCBBA /* CollectionHeader.swift in Sources */,
				3B6E68522BE29798000CCBBA /* extensions of collection .swift in Sources */,
			);
			runOnlyForDeploymentPostprocessing = 0;
		};
/* End PBXSourcesBuildPhase section */

/* Begin PBXVariantGroup section */
		3B6E68442BE26F4C000CCBBA /* LaunchScreen.storyboard */ = {
			isa = PBXVariantGroup;
			children = (
				3B6E68452BE26F4C000CCBBA /* Base */,
			);
			name = LaunchScreen.storyboard;
			sourceTree = "<group>";
		};
/* End PBXVariantGroup section */

/* Begin XCBuildConfiguration section */
		3B6E68482BE26F4C000CCBBA /* Debug */ = {
			isa = XCBuildConfiguration;
			buildSettings = {
				ALWAYS_SEARCH_USER_PATHS = NO;
				ASSETCATALOG_COMPILER_GENERATE_SWIFT_ASSET_SYMBOL_EXTENSIONS = YES;
				CLANG_ANALYZER_NONNULL = YES;
				CLANG_ANALYZER_NUMBER_OBJECT_CONVERSION = YES_AGGRESSIVE;
				CLANG_CXX_LANGUAGE_STANDARD = "gnu++20";
				CLANG_ENABLE_MODULES = YES;
				CLANG_ENABLE_OBJC_ARC = YES;
				CLANG_ENABLE_OBJC_WEAK = YES;
				CLANG_WARN_BLOCK_CAPTURE_AUTORELEASING = YES;
				CLANG_WARN_BOOL_CONVERSION = YES;
				CLANG_WARN_COMMA = YES;
				CLANG_WARN_CONSTANT_CONVERSION = YES;
				CLANG_WARN_DEPRECATED_OBJC_IMPLEMENTATIONS = YES;
				CLANG_WARN_DIRECT_OBJC_ISA_USAGE = YES_ERROR;
				CLANG_WARN_DOCUMENTATION_COMMENTS = YES;
				CLANG_WARN_EMPTY_BODY = YES;
				CLANG_WARN_ENUM_CONVERSION = YES;
				CLANG_WARN_INFINITE_RECURSION = YES;
				CLANG_WARN_INT_CONVERSION = YES;
				CLANG_WARN_NON_LITERAL_NULL_CONVERSION = YES;
				CLANG_WARN_OBJC_IMPLICIT_RETAIN_SELF = YES;
				CLANG_WARN_OBJC_LITERAL_CONVERSION = YES;
				CLANG_WARN_OBJC_ROOT_CLASS = YES_ERROR;
				CLANG_WARN_QUOTED_INCLUDE_IN_FRAMEWORK_HEADER = YES;
				CLANG_WARN_RANGE_LOOP_ANALYSIS = YES;
				CLANG_WARN_STRICT_PROTOTYPES = YES;
				CLANG_WARN_SUSPICIOUS_MOVE = YES;
				CLANG_WARN_UNGUARDED_AVAILABILITY = YES_AGGRESSIVE;
				CLANG_WARN_UNREACHABLE_CODE = YES;
				CLANG_WARN__DUPLICATE_METHOD_MATCH = YES;
				COPY_PHASE_STRIP = NO;
				DEBUG_INFORMATION_FORMAT = dwarf;
				ENABLE_STRICT_OBJC_MSGSEND = YES;
				ENABLE_TESTABILITY = YES;
				ENABLE_USER_SCRIPT_SANDBOXING = YES;
				GCC_C_LANGUAGE_STANDARD = gnu17;
				GCC_DYNAMIC_NO_PIC = NO;
				GCC_NO_COMMON_BLOCKS = YES;
				GCC_OPTIMIZATION_LEVEL = 0;
				GCC_PREPROCESSOR_DEFINITIONS = (
					"DEBUG=1",
					"$(inherited)",
				);
				GCC_WARN_64_TO_32_BIT_CONVERSION = YES;
				GCC_WARN_ABOUT_RETURN_TYPE = YES_ERROR;
				GCC_WARN_UNDECLARED_SELECTOR = YES;
				GCC_WARN_UNINITIALIZED_AUTOS = YES_AGGRESSIVE;
				GCC_WARN_UNUSED_FUNCTION = YES;
				GCC_WARN_UNUSED_VARIABLE = YES;
				IPHONEOS_DEPLOYMENT_TARGET = 17.4;
				LOCALIZATION_PREFERS_STRING_CATALOGS = YES;
				MTL_ENABLE_DEBUG_INFO = INCLUDE_SOURCE;
				MTL_FAST_MATH = YES;
				ONLY_ACTIVE_ARCH = YES;
				SDKROOT = iphoneos;
				SWIFT_ACTIVE_COMPILATION_CONDITIONS = "DEBUG $(inherited)";
				SWIFT_OPTIMIZATION_LEVEL = "-Onone";
			};
			name = Debug;
		};
		3B6E68492BE26F4C000CCBBA /* Release */ = {
			isa = XCBuildConfiguration;
			buildSettings = {
				ALWAYS_SEARCH_USER_PATHS = NO;
				ASSETCATALOG_COMPILER_GENERATE_SWIFT_ASSET_SYMBOL_EXTENSIONS = YES;
				CLANG_ANALYZER_NONNULL = YES;
				CLANG_ANALYZER_NUMBER_OBJECT_CONVERSION = YES_AGGRESSIVE;
				CLANG_CXX_LANGUAGE_STANDARD = "gnu++20";
				CLANG_ENABLE_MODULES = YES;
				CLANG_ENABLE_OBJC_ARC = YES;
				CLANG_ENABLE_OBJC_WEAK = YES;
				CLANG_WARN_BLOCK_CAPTURE_AUTORELEASING = YES;
				CLANG_WARN_BOOL_CONVERSION = YES;
				CLANG_WARN_COMMA = YES;
				CLANG_WARN_CONSTANT_CONVERSION = YES;
				CLANG_WARN_DEPRECATED_OBJC_IMPLEMENTATIONS = YES;
				CLANG_WARN_DIRECT_OBJC_ISA_USAGE = YES_ERROR;
				CLANG_WARN_DOCUMENTATION_COMMENTS = YES;
				CLANG_WARN_EMPTY_BODY = YES;
				CLANG_WARN_ENUM_CONVERSION = YES;
				CLANG_WARN_INFINITE_RECURSION = YES;
				CLANG_WARN_INT_CONVERSION = YES;
				CLANG_WARN_NON_LITERAL_NULL_CONVERSION = YES;
				CLANG_WARN_OBJC_IMPLICIT_RETAIN_SELF = YES;
				CLANG_WARN_OBJC_LITERAL_CONVERSION = YES;
				CLANG_WARN_OBJC_ROOT_CLASS = YES_ERROR;
				CLANG_WARN_QUOTED_INCLUDE_IN_FRAMEWORK_HEADER = YES;
				CLANG_WARN_RANGE_LOOP_ANALYSIS = YES;
				CLANG_WARN_STRICT_PROTOTYPES = YES;
				CLANG_WARN_SUSPICIOUS_MOVE = YES;
				CLANG_WARN_UNGUARDED_AVAILABILITY = YES_AGGRESSIVE;
				CLANG_WARN_UNREACHABLE_CODE = YES;
				CLANG_WARN__DUPLICATE_METHOD_MATCH = YES;
				COPY_PHASE_STRIP = NO;
				DEBUG_INFORMATION_FORMAT = "dwarf-with-dsym";
				ENABLE_NS_ASSERTIONS = NO;
				ENABLE_STRICT_OBJC_MSGSEND = YES;
				ENABLE_USER_SCRIPT_SANDBOXING = YES;
				GCC_C_LANGUAGE_STANDARD = gnu17;
				GCC_NO_COMMON_BLOCKS = YES;
				GCC_WARN_64_TO_32_BIT_CONVERSION = YES;
				GCC_WARN_ABOUT_RETURN_TYPE = YES_ERROR;
				GCC_WARN_UNDECLARED_SELECTOR = YES;
				GCC_WARN_UNINITIALIZED_AUTOS = YES_AGGRESSIVE;
				GCC_WARN_UNUSED_FUNCTION = YES;
				GCC_WARN_UNUSED_VARIABLE = YES;
				IPHONEOS_DEPLOYMENT_TARGET = 17.4;
				LOCALIZATION_PREFERS_STRING_CATALOGS = YES;
				MTL_ENABLE_DEBUG_INFO = NO;
				MTL_FAST_MATH = YES;
				SDKROOT = iphoneos;
				SWIFT_COMPILATION_MODE = wholemodule;
				VALIDATE_PRODUCT = YES;
			};
			name = Release;
		};
		3B6E684B2BE26F4D000CCBBA /* Debug */ = {
			isa = XCBuildConfiguration;
			buildSettings = {
				ASSETCATALOG_COMPILER_APPICON_NAME = AppIcon;
				ASSETCATALOG_COMPILER_GLOBAL_ACCENT_COLOR_NAME = AccentColor;
				CODE_SIGN_STYLE = Automatic;
				CURRENT_PROJECT_VERSION = 1;
				GENERATE_INFOPLIST_FILE = YES;
				INFOPLIST_FILE = CatsHomeworkmvvm/Info.plist;
				INFOPLIST_KEY_UIApplicationSupportsIndirectInputEvents = YES;
				INFOPLIST_KEY_UILaunchStoryboardName = LaunchScreen;
				INFOPLIST_KEY_UISupportedInterfaceOrientations_iPad = "UIInterfaceOrientationPortrait UIInterfaceOrientationPortraitUpsideDown UIInterfaceOrientationLandscapeLeft UIInterfaceOrientationLandscapeRight";
				INFOPLIST_KEY_UISupportedInterfaceOrientations_iPhone = "UIInterfaceOrientationPortrait UIInterfaceOrientationLandscapeLeft UIInterfaceOrientationLandscapeRight";
				LD_RUNPATH_SEARCH_PATHS = (
					"$(inherited)",
					"@executable_path/Frameworks",
				);
				MARKETING_VERSION = 1.0;
				PRODUCT_BUNDLE_IDENTIFIER = "com.vano-s.CatsHomeworkmvvm";
				PRODUCT_NAME = "$(TARGET_NAME)";
				SUPPORTED_PLATFORMS = "iphoneos iphonesimulator";
				SUPPORTS_MACCATALYST = NO;
				SUPPORTS_MAC_DESIGNED_FOR_IPHONE_IPAD = NO;
				SUPPORTS_XR_DESIGNED_FOR_IPHONE_IPAD = NO;
				SWIFT_EMIT_LOC_STRINGS = YES;
				SWIFT_VERSION = 5.0;
				TARGETED_DEVICE_FAMILY = "1,2";
			};
			name = Debug;
		};
		3B6E684C2BE26F4D000CCBBA /* Release */ = {
			isa = XCBuildConfiguration;
			buildSettings = {
				ASSETCATALOG_COMPILER_APPICON_NAME = AppIcon;
				ASSETCATALOG_COMPILER_GLOBAL_ACCENT_COLOR_NAME = AccentColor;
				CODE_SIGN_STYLE = Automatic;
				CURRENT_PROJECT_VERSION = 1;
				GENERATE_INFOPLIST_FILE = YES;
				INFOPLIST_FILE = CatsHomeworkmvvm/Info.plist;
				INFOPLIST_KEY_UIApplicationSupportsIndirectInputEvents = YES;
				INFOPLIST_KEY_UILaunchStoryboardName = LaunchScreen;
				INFOPLIST_KEY_UISupportedInterfaceOrientations_iPad = "UIInterfaceOrientationPortrait UIInterfaceOrientationPortraitUpsideDown UIInterfaceOrientationLandscapeLeft UIInterfaceOrientationLandscapeRight";
				INFOPLIST_KEY_UISupportedInterfaceOrientations_iPhone = "UIInterfaceOrientationPortrait UIInterfaceOrientationLandscapeLeft UIInterfaceOrientationLandscapeRight";
				LD_RUNPATH_SEARCH_PATHS = (
					"$(inherited)",
					"@executable_path/Frameworks",
				);
				MARKETING_VERSION = 1.0;
				PRODUCT_BUNDLE_IDENTIFIER = "com.vano-s.CatsHomeworkmvvm";
				PRODUCT_NAME = "$(TARGET_NAME)";
				SUPPORTED_PLATFORMS = "iphoneos iphonesimulator";
				SUPPORTS_MACCATALYST = NO;
				SUPPORTS_MAC_DESIGNED_FOR_IPHONE_IPAD = NO;
				SUPPORTS_XR_DESIGNED_FOR_IPHONE_IPAD = NO;
				SWIFT_EMIT_LOC_STRINGS = YES;
				SWIFT_VERSION = 5.0;
				TARGETED_DEVICE_FAMILY = "1,2";
			};
			name = Release;
		};
/* End XCBuildConfiguration section */

/* Begin XCConfigurationList section */
		3B6E68312BE26F4B000CCBBA /* Build configuration list for PBXProject "CatsHomeworkmvvm" */ = {
			isa = XCConfigurationList;
			buildConfigurations = (
				3B6E68482BE26F4C000CCBBA /* Debug */,
				3B6E68492BE26F4C000CCBBA /* Release */,
			);
			defaultConfigurationIsVisible = 0;
			defaultConfigurationName = Release;
		};
		3B6E684A2BE26F4D000CCBBA /* Build configuration list for PBXNativeTarget "CatsHomeworkmvvm" */ = {
			isa = XCConfigurationList;
			buildConfigurations = (
				3B6E684B2BE26F4D000CCBBA /* Debug */,
				3B6E684C2BE26F4D000CCBBA /* Release */,
			);
			defaultConfigurationIsVisible = 0;
			defaultConfigurationName = Release;
		};
/* End XCConfigurationList section */

/* Begin XCLocalSwiftPackageReference section */
		3B6E685B2BE3C8FA000CCBBA /* XCLocalSwiftPackageReference "../FetchCats" */ = {
			isa = XCLocalSwiftPackageReference;
			relativePath = ../FetchCats;
		};
		3BD5881E2BE4703500A869E9 /* XCLocalSwiftPackageReference "../packeges/CatBreeds" */ = {
			isa = XCLocalSwiftPackageReference;
			relativePath = ../packeges/CatBreeds;
		};
/* End XCLocalSwiftPackageReference section */

/* Begin XCSwiftPackageProductDependency section */
		3B6E685C2BE3C8FA000CCBBA /* FetchCats */ = {
			isa = XCSwiftPackageProductDependency;
			productName = FetchCats;
		};
		3BD5881F2BE4703500A869E9 /* CatBreeds */ = {
			isa = XCSwiftPackageProductDependency;
			productName = CatBreeds;
		};
/* End XCSwiftPackageProductDependency section */
	};
	rootObject = 3B6E682E2BE26F4B000CCBBA /* Project object */;
}
